
Microsoft Visual Studio Solution File, Format Version 11.00
# Visual Studio 2010
Project("{FAE04EC0-301F-11D3-BF4B-00C04F79EFBC}") = "Shaders", "Shaders\Shaders\Shaders.csproj", "{F0A7D79D-8C97-44FA-A19C-FB85C190428E}"
EndProject
Project("{FAE04EC0-301F-11D3-BF4B-00C04F79EFBC}") = "ShadersContent", "Shaders\ShadersContent\ShadersContent.contentproj", "{F72444BE-D3A8-4CBF-82F3-663E5734B77C}"
EndProject
Project("{FAE04EC0-301F-11D3-BF4B-00C04F79EFBC}") = "CameraLib", "CameraLib\CameraLib.csproj", "{3BB3C81C-756B-4EA4-B500-5D110925328D}"
EndProject
Project("{FAE04EC0-301F-11D3-BF4B-00C04F79EFBC}") = "ShadersContentPipeline", "ShadersContentPipeline\ShadersContentPipeline.csproj", "{D8B497CF-B0E0-4EEB-BE65-66677CBB9CBE}"
EndProject
Global
	GlobalSection(SolutionConfigurationPlatforms) = preSolution
		Debug|x86 = Debug|x86
		Release|x86 = Release|x86
	EndGlobalSection
	GlobalSection(ProjectConfigurationPlatforms) = postSolution
		{F0A7D79D-8C97-44FA-A19C-FB85C190428E}.Debug|x86.ActiveCfg = Debug|x86
		{F0A7D79D-8C97-44FA-A19C-FB85C190428E}.Debug|x86.Build.0 = Debug|x86
		{F0A7D79D-8C97-44FA-A19C-FB85C190428E}.Release|x86.ActiveCfg = Release|x86
		{F0A7D79D-8C97-44FA-A19C-FB85C190428E}.Release|x86.Build.0 = Release|x86
		{F72444BE-D3A8-4CBF-82F3-663E5734B77C}.Debug|x86.ActiveCfg = Debug|x86
		{F72444BE-D3A8-4CBF-82F3-663E5734B77C}.Release|x86.ActiveCfg = Release|x86
		{F72444BE-D3A8-4CBF-82F3-663E5734B77C}.Release|x86.Build.0 = Release|x86
		{3BB3C81C-756B-4EA4-B500-5D110925328D}.Debug|x86.ActiveCfg = Debug|x86
		{3BB3C81C-756B-4EA4-B500-5D110925328D}.Debug|x86.Build.0 = Debug|x86
		{3BB3C81C-756B-4EA4-B500-5D110925328D}.Release|x86.ActiveCfg = Release|x86
		{3BB3C81C-756B-4EA4-B500-5D110925328D}.Release|x86.Build.0 = Release|x86
		{D8B497CF-B0E0-4EEB-BE65-66677CBB9CBE}.Debug|x86.ActiveCfg = Debug|x86
		{D8B497CF-B0E0-4EEB-BE65-66677CBB9CBE}.Debug|x86.Build.0 = Debug|x86
		{D8B497CF-B0E0-4EEB-BE65-66677CBB9CBE}.Release|x86.ActiveCfg = Debug|x86
		{D8B497CF-B0E0-4EEB-BE65-66677CBB9CBE}.Release|x86.Build.0 = Debug|x86
	EndGlobalSection
	GlobalSection(SolutionProperties) = preSolution
		HideSolutionNode = FALSE
	EndGlobalSection
EndGlobal
